
Microsoft Visual Studio Solution File, Format Version 12.00
# Visual Studio 14
VisualStudioVersion = 14.0.25420.1
MinimumVisualStudioVersion = 10.0.40219.1
Project("{FAE04EC0-301F-11D3-BF4B-00C04F79EFBC}") = "CV builder", "CV builder\CV builder.csproj", "{785136F1-5E2E-47D5-AAD8-E974DD6BE04D}"
EndProject
Project("{FAE04EC0-301F-11D3-BF4B-00C04F79EFBC}") = "CV builder.Tests", "CV builder.Tests\CV builder.Tests.csproj", "{E5533B9A-E67F-46BD-BE06-5881EAA6BBAE}"
EndProject
Global
	GlobalSection(SolutionConfigurationPlatforms) = preSolution
		Debug|Any CPU = Debug|Any CPU
		Release|Any CPU = Release|Any CPU
	EndGlobalSection
	GlobalSection(ProjectConfigurationPlatforms) = postSolution
		{785136F1-5E2E-47D5-AAD8-E974DD6BE04D}.Debug|Any CPU.ActiveCfg = Debug|Any CPU
		{785136F1-5E2E-47D5-AAD8-E974DD6BE04D}.Debug|Any CPU.Build.0 = Debug|Any CPU
		{785136F1-5E2E-47D5-AAD8-E974DD6BE04D}.Release|Any CPU.ActiveCfg = Release|Any CPU
		{785136F1-5E2E-47D5-AAD8-E974DD6BE04D}.Release|Any CPU.Build.0 = Release|Any CPU
		{E5533B9A-E67F-46BD-BE06-5881EAA6BBAE}.Debug|Any CPU.ActiveCfg = Debug|Any CPU
		{E5533B9A-E67F-46BD-BE06-5881EAA6BBAE}.Debug|Any CPU.Build.0 = Debug|Any CPU
		{E5533B9A-E67F-46BD-BE06-5881EAA6BBAE}.Release|Any CPU.ActiveCfg = Release|Any CPU
		{E5533B9A-E67F-46BD-BE06-5881EAA6BBAE}.Release|Any CPU.Build.0 = Release|Any CPU
	EndGlobalSection
	GlobalSection(SolutionProperties) = preSolution
		HideSolutionNode = FALSE
	EndGlobalSection
EndGlobal
